// !$*UTF8*$!
{
	archiveVersion = 1;
	classes = {
	};
	objectVersion = 50;
	objects = {

/* Begin PBXBuildFile section */
		650D56C623D79CB4002DE882 /* AppDelegate.swift in Sources */ = {isa = PBXBuildFile; fileRef = 650D56C523D79CB4002DE882 /* AppDelegate.swift */; };
		650D56C823D79CB4002DE882 /* SceneDelegate.swift in Sources */ = {isa = PBXBuildFile; fileRef = 650D56C723D79CB4002DE882 /* SceneDelegate.swift */; };
		650D56CD23D79CB4002DE882 /* Main.storyboard in Resources */ = {isa = PBXBuildFile; fileRef = 650D56CB23D79CB4002DE882 /* Main.storyboard */; };
		650D56CF23D79CB6002DE882 /* Assets.xcassets in Resources */ = {isa = PBXBuildFile; fileRef = 650D56CE23D79CB6002DE882 /* Assets.xcassets */; };
		650D56D223D79CB6002DE882 /* LaunchScreen.storyboard in Resources */ = {isa = PBXBuildFile; fileRef = 650D56D023D79CB6002DE882 /* LaunchScreen.storyboard */; };
		6531118823D79F0F00EADD63 /* Card.swift in Sources */ = {isa = PBXBuildFile; fileRef = 6531118723D79F0F00EADD63 /* Card.swift */; };
		6531118A23D79F9400EADD63 /* CardController.swift in Sources */ = {isa = PBXBuildFile; fileRef = 6531118923D79F9400EADD63 /* CardController.swift */; };
		6531118C23D79FD400EADD63 /* CardError.swift in Sources */ = {isa = PBXBuildFile; fileRef = 6531118B23D79FD400EADD63 /* CardError.swift */; };
		65FCEB2123D7AEE60070D560 /* CardViewController.swift in Sources */ = {isa = PBXBuildFile; fileRef = 65FCEB2023D7AEE60070D560 /* CardViewController.swift */; };
		65FCEB2423D7B0640070D560 /* UIViewControllerExtension.swift in Sources */ = {isa = PBXBuildFile; fileRef = 65FCEB2323D7B0640070D560 /* UIViewControllerExtension.swift */; };
/* End PBXBuildFile section */

/* Begin PBXFileReference section */
		650D56C223D79CB4002DE882 /* DeckOfOneCard.app */ = {isa = PBXFileReference; explicitFileType = wrapper.application; includeInIndex = 0; path = DeckOfOneCard.app; sourceTree = BUILT_PRODUCTS_DIR; };
		650D56C523D79CB4002DE882 /* AppDelegate.swift */ = {isa = PBXFileReference; lastKnownFileType = sourcecode.swift; path = AppDelegate.swift; sourceTree = "<group>"; };
		650D56C723D79CB4002DE882 /* SceneDelegate.swift */ = {isa = PBXFileReference; lastKnownFileType = sourcecode.swift; path = SceneDelegate.swift; sourceTree = "<group>"; };
		650D56CC23D79CB4002DE882 /* Base */ = {isa = PBXFileReference; lastKnownFileType = file.storyboard; name = Base; path = Base.lproj/Main.storyboard; sourceTree = "<group>"; };
		650D56CE23D79CB6002DE882 /* Assets.xcassets */ = {isa = PBXFileReference; lastKnownFileType = folder.assetcatalog; path = Assets.xcassets; sourceTree = "<group>"; };
		650D56D123D79CB6002DE882 /* Base */ = {isa = PBXFileReference; lastKnownFileType = file.storyboard; name = Base; path = Base.lproj/LaunchScreen.storyboard; sourceTree = "<group>"; };
		650D56D323D79CB6002DE882 /* Info.plist */ = {isa = PBXFileReference; lastKnownFileType = text.plist.xml; path = Info.plist; sourceTree = "<group>"; };
		6531118723D79F0F00EADD63 /* Card.swift */ = {isa = PBXFileReference; lastKnownFileType = sourcecode.swift; path = Card.swift; sourceTree = "<group>"; };
		6531118923D79F9400EADD63 /* CardController.swift */ = {isa = PBXFileReference; lastKnownFileType = sourcecode.swift; path = CardController.swift; sourceTree = "<group>"; };
		6531118B23D79FD400EADD63 /* CardError.swift */ = {isa = PBXFileReference; lastKnownFileType = sourcecode.swift; path = CardError.swift; sourceTree = "<group>"; };
		65FCEB2023D7AEE60070D560 /* CardViewController.swift */ = {isa = PBXFileReference; lastKnownFileType = sourcecode.swift; path = CardViewController.swift; sourceTree = "<group>"; };
		65FCEB2323D7B0640070D560 /* UIViewControllerExtension.swift */ = {isa = PBXFileReference; fileEncoding = 4; lastKnownFileType = sourcecode.swift; name = UIViewControllerExtension.swift; path = ../../../../../../../UIViewControllerExtension.swift; sourceTree = "<group>"; };
/* End PBXFileReference section */

/* Begin PBXFrameworksBuildPhase section */
		650D56BF23D79CB4002DE882 /* Frameworks */ = {
			isa = PBXFrameworksBuildPhase;
			buildActionMask = 2147483647;
			files = (
			);
			runOnlyForDeploymentPostprocessing = 0;
		};
/* End PBXFrameworksBuildPhase section */

/* Begin PBXGroup section */
		650D56B923D79CB4002DE882 = {
			isa = PBXGroup;
			children = (
				650D56C423D79CB4002DE882 /* DeckOfOneCard */,
				650D56C323D79CB4002DE882 /* Products */,
			);
			sourceTree = "<group>";
		};
		650D56C323D79CB4002DE882 /* Products */ = {
			isa = PBXGroup;
			children = (
				650D56C223D79CB4002DE882 /* DeckOfOneCard.app */,
			);
			name = Products;
			sourceTree = "<group>";
		};
		650D56C423D79CB4002DE882 /* DeckOfOneCard */ = {
			isa = PBXGroup;
			children = (
				65FCEB2223D7B0400070D560 /* Helpers */,
				650D56D923D79CBD002DE882 /* Model */,
				650D56DC23D79CEC002DE882 /* Controllers */,
				650D56DB23D79CE2002DE882 /* Views */,
				650D56DA23D79CC2002DE882 /* Resources */,
			);
			path = DeckOfOneCard;
			sourceTree = "<group>";
		};
		650D56D923D79CBD002DE882 /* Model */ = {
			isa = PBXGroup;
			children = (
				6531118723D79F0F00EADD63 /* Card.swift */,
				6531118B23D79FD400EADD63 /* CardError.swift */,
			);
			path = Model;
			sourceTree = "<group>";
		};
		650D56DA23D79CC2002DE882 /* Resources */ = {
			isa = PBXGroup;
			children = (
				650D56C523D79CB4002DE882 /* AppDelegate.swift */,
				650D56C723D79CB4002DE882 /* SceneDelegate.swift */,
				650D56CE23D79CB6002DE882 /* Assets.xcassets */,
				650D56D023D79CB6002DE882 /* LaunchScreen.storyboard */,
				650D56D323D79CB6002DE882 /* Info.plist */,
			);
			path = Resources;
			sourceTree = "<group>";
		};
		650D56DB23D79CE2002DE882 /* Views */ = {
			isa = PBXGroup;
			children = (
				650D56CB23D79CB4002DE882 /* Main.storyboard */,
			);
			path = Views;
			sourceTree = "<group>";
		};
		650D56DC23D79CEC002DE882 /* Controllers */ = {
			isa = PBXGroup;
			children = (
				650D56DD23D79CEF002DE882 /* Model Controllers */,
				650D56DE23D79CF6002DE882 /* View Controllers */,
			);
			path = Controllers;
			sourceTree = "<group>";
		};
		650D56DD23D79CEF002DE882 /* Model Controllers */ = {
			isa = PBXGroup;
			children = (
				6531118923D79F9400EADD63 /* CardController.swift */,
			);
			path = "Model Controllers";
			sourceTree = "<group>";
		};
		650D56DE23D79CF6002DE882 /* View Controllers */ = {
			isa = PBXGroup;
			children = (
				65FCEB2023D7AEE60070D560 /* CardViewController.swift */,
			);
			path = "View Controllers";
			sourceTree = "<group>";
		};
		65FCEB2223D7B0400070D560 /* Helpers */ = {
			isa = PBXGroup;
			children = (
				65FCEB2323D7B0640070D560 /* UIViewControllerExtension.swift */,
			);
			path = Helpers;
			sourceTree = "<group>";
		};
/* End PBXGroup section */

/* Begin PBXNativeTarget section */
		650D56C123D79CB4002DE882 /* DeckOfOneCard */ = {
			isa = PBXNativeTarget;
			buildConfigurationList = 650D56D623D79CB6002DE882 /* Build configuration list for PBXNativeTarget "DeckOfOneCard" */;
			buildPhases = (
				650D56BE23D79CB4002DE882 /* Sources */,
				650D56BF23D79CB4002DE882 /* Frameworks */,
				650D56C023D79CB4002DE882 /* Resources */,
			);
			buildRules = (
			);
			dependencies = (
			);
			name = DeckOfOneCard;
			productName = DeckOfOneCard;
			productReference = 650D56C223D79CB4002DE882 /* DeckOfOneCard.app */;
			productType = "com.apple.product-type.application";
		};
/* End PBXNativeTarget section */

/* Begin PBXProject section */
		650D56BA23D79CB4002DE882 /* Project object */ = {
			isa = PBXProject;
			attributes = {
				LastSwiftUpdateCheck = 1130;
				LastUpgradeCheck = 1130;
				ORGANIZATIONNAME = "Devin Singh";
				TargetAttributes = {
					650D56C123D79CB4002DE882 = {
						CreatedOnToolsVersion = 11.3;
					};
				};
			};
			buildConfigurationList = 650D56BD23D79CB4002DE882 /* Build configuration list for PBXProject "DeckOfOneCard" */;
			compatibilityVersion = "Xcode 9.3";
			developmentRegion = en;
			hasScannedForEncodings = 0;
			knownRegions = (
				en,
				Base,
			);
			mainGroup = 650D56B923D79CB4002DE882;
			productRefGroup = 650D56C323D79CB4002DE882 /* Products */;
			projectDirPath = "";
			projectRoot = "";
			targets = (
				650D56C123D79CB4002DE882 /* DeckOfOneCard */,
			);
		};
/* End PBXProject section */

/* Begin PBXResourcesBuildPhase section */
		650D56C023D79CB4002DE882 /* Resources */ = {
			isa = PBXResourcesBuildPhase;
			buildActionMask = 2147483647;
			files = (
				650D56D223D79CB6002DE882 /* LaunchScreen.storyboard in Resources */,
				650D56CF23D79CB6002DE882 /* Assets.xcassets in Resources */,
				650D56CD23D79CB4002DE882 /* Main.storyboard in Resources */,
			);
			runOnlyForDeploymentPostprocessing = 0;
		};
/* End PBXResourcesBuildPhase section */

/* Begin PBXSourcesBuildPhase section */
		650D56BE23D79CB4002DE882 /* Sources */ = {
			isa = PBXSourcesBuildPhase;
			buildActionMask = 2147483647;
			files = (
				650D56C623D79CB4002DE882 /* AppDelegate.swift in Sources */,
				6531118A23D79F9400EADD63 /* CardController.swift in Sources */,
				65FCEB2123D7AEE60070D560 /* CardViewController.swift in Sources */,
				6531118823D79F0F00EADD63 /* Card.swift in Sources */,
				6531118C23D79FD400EADD63 /* CardError.swift in Sources */,
				65FCEB2423D7B0640070D560 /* UIViewControllerExtension.swift in Sources */,
				650D56C823D79CB4002DE882 /* SceneDelegate.swift in Sources */,
			);
			runOnlyForDeploymentPostprocessing = 0;
		};
/* End PBXSourcesBuildPhase section */

/* Begin PBXVariantGroup section */
		650D56CB23D79CB4002DE882 /* Main.storyboard */ = {
			isa = PBXVariantGroup;
			children = (
				650D56CC23D79CB4002DE882 /* Base */,
			);
			name = Main.storyboard;
			sourceTree = "<group>";
		};
		650D56D023D79CB6002DE882 /* LaunchScreen.storyboard */ = {
			isa = PBXVariantGroup;
			children = (
				650D56D123D79CB6002DE882 /* Base */,
			);
			name = LaunchScreen.storyboard;
			sourceTree = "<group>";
		};
/* End PBXVariantGroup section */

/* Begin XCBuildConfiguration section */
		650D56D423D79CB6002DE882 /* Debug */ = {
			isa = XCBuildConfiguration;
			buildSettings = {
				ALWAYS_SEARCH_USER_PATHS = NO;
				CLANG_ANALYZER_NONNULL = YES;
				CLANG_ANALYZER_NUMBER_OBJECT_CONVERSION = YES_AGGRESSIVE;
				CLANG_CXX_LANGUAGE_STANDARD = "gnu++14";
				CLANG_CXX_LIBRARY = "libc++";
				CLANG_ENABLE_MODULES = YES;
				CLANG_ENABLE_OBJC_ARC = YES;
				CLANG_ENABLE_OBJC_WEAK = YES;
				CLANG_WARN_BLOCK_CAPTURE_AUTORELEASING = YES;
				CLANG_WARN_BOOL_CONVERSION = YES;
				CLANG_WARN_COMMA = YES;
				CLANG_WARN_CONSTANT_CONVERSION = YES;
				CLANG_WARN_DEPRECATED_OBJC_IMPLEMENTATIONS = YES;
				CLANG_WARN_DIRECT_OBJC_ISA_USAGE = YES_ERROR;
				CLANG_WARN_DOCUMENTATION_COMMENTS = YES;
				CLANG_WARN_EMPTY_BODY = YES;
				CLANG_WARN_ENUM_CONVERSION = YES;
				CLANG_WARN_INFINITE_RECURSION = YES;
				CLANG_WARN_INT_CONVERSION = YES;
				CLANG_WARN_NON_LITERAL_NULL_CONVERSION = YES;
				CLANG_WARN_OBJC_IMPLICIT_RETAIN_SELF = YES;
				CLANG_WARN_OBJC_LITERAL_CONVERSION = YES;
				CLANG_WARN_OBJC_ROOT_CLASS = YES_ERROR;
				CLANG_WARN_RANGE_LOOP_ANALYSIS = YES;
				CLANG_WARN_STRICT_PROTOTYPES = YES;
				CLANG_WARN_SUSPICIOUS_MOVE = YES;
				CLANG_WARN_UNGUARDED_AVAILABILITY = YES_AGGRESSIVE;
				CLANG_WARN_UNREACHABLE_CODE = YES;
				CLANG_WARN__DUPLICATE_METHOD_MATCH = YES;
				COPY_PHASE_STRIP = NO;
				DEBUG_INFORMATION_FORMAT = dwarf;
				ENABLE_STRICT_OBJC_MSGSEND = YES;
				ENABLE_TESTABILITY = YES;
				GCC_C_LANGUAGE_STANDARD = gnu11;
				GCC_DYNAMIC_NO_PIC = NO;
				GCC_NO_COMMON_BLOCKS = YES;
				GCC_OPTIMIZATION_LEVEL = 0;
				GCC_PREPROCESSOR_DEFINITIONS = (
					"DEBUG=1",
					"$(inherited)",
				);
				GCC_WARN_64_TO_32_BIT_CONVERSION = YES;
				GCC_WARN_ABOUT_RETURN_TYPE = YES_ERROR;
				GCC_WARN_UNDECLARED_SELECTOR = YES;
				GCC_WARN_UNINITIALIZED_AUTOS = YES_AGGRESSIVE;
				GCC_WARN_UNUSED_FUNCTION = YES;
				GCC_WARN_UNUSED_VARIABLE = YES;
				IPHONEOS_DEPLOYMENT_TARGET = 13.2;
				MTL_ENABLE_DEBUG_INFO = INCLUDE_SOURCE;
				MTL_FAST_MATH = YES;
				ONLY_ACTIVE_ARCH = YES;
				SDKROOT = iphoneos;
				SWIFT_ACTIVE_COMPILATION_CONDITIONS = DEBUG;
				SWIFT_OPTIMIZATION_LEVEL = "-Onone";
			};
			name = Debug;
		};
		650D56D523D79CB6002DE882 /* Release */ = {
			isa = XCBuildConfiguration;
			buildSettings = {
				ALWAYS_SEARCH_USER_PATHS = NO;
				CLANG_ANALYZER_NONNULL = YES;
				CLANG_ANALYZER_NUMBER_OBJECT_CONVERSION = YES_AGGRESSIVE;
				CLANG_CXX_LANGUAGE_STANDARD = "gnu++14";
				CLANG_CXX_LIBRARY = "libc++";
				CLANG_ENABLE_MODULES = YES;
				CLANG_ENABLE_OBJC_ARC = YES;
				CLANG_ENABLE_OBJC_WEAK = YES;
				CLANG_WARN_BLOCK_CAPTURE_AUTORELEASING = YES;
				CLANG_WARN_BOOL_CONVERSION = YES;
				CLANG_WARN_COMMA = YES;
				CLANG_WARN_CONSTANT_CONVERSION = YES;
				CLANG_WARN_DEPRECATED_OBJC_IMPLEMENTATIONS = YES;
				CLANG_WARN_DIRECT_OBJC_ISA_USAGE = YES_ERROR;
				CLANG_WARN_DOCUMENTATION_COMMENTS = YES;
				CLANG_WARN_EMPTY_BODY = YES;
				CLANG_WARN_ENUM_CONVERSION = YES;
				CLANG_WARN_INFINITE_RECURSION = YES;
				CLANG_WARN_INT_CONVERSION = YES;
				CLANG_WARN_NON_LITERAL_NULL_CONVERSION = YES;
				CLANG_WARN_OBJC_IMPLICIT_RETAIN_SELF = YES;
				CLANG_WARN_OBJC_LITERAL_CONVERSION = YES;
				CLANG_WARN_OBJC_ROOT_CLASS = YES_ERROR;
				CLANG_WARN_RANGE_LOOP_ANALYSIS = YES;
				CLANG_WARN_STRICT_PROTOTYPES = YES;
				CLANG_WARN_SUSPICIOUS_MOVE = YES;
				CLANG_WARN_UNGUARDED_AVAILABILITY = YES_AGGRESSIVE;
				CLANG_WARN_UNREACHABLE_CODE = YES;
				CLANG_WARN__DUPLICATE_METHOD_MATCH = YES;
				COPY_PHASE_STRIP = NO;
				DEBUG_INFORMATION_FORMAT = "dwarf-with-dsym";
				ENABLE_NS_ASSERTIONS = NO;
				ENABLE_STRICT_OBJC_MSGSEND = YES;
				GCC_C_LANGUAGE_STANDARD = gnu11;
				GCC_NO_COMMON_BLOCKS = YES;
				GCC_WARN_64_TO_32_BIT_CONVERSION = YES;
				GCC_WARN_ABOUT_RETURN_TYPE = YES_ERROR;
				GCC_WARN_UNDECLARED_SELECTOR = YES;
				GCC_WARN_UNINITIALIZED_AUTOS = YES_AGGRESSIVE;
				GCC_WARN_UNUSED_FUNCTION = YES;
				GCC_WARN_UNUSED_VARIABLE = YES;
				IPHONEOS_DEPLOYMENT_TARGET = 13.2;
				MTL_ENABLE_DEBUG_INFO = NO;
				MTL_FAST_MATH = YES;
				SDKROOT = iphoneos;
				SWIFT_COMPILATION_MODE = wholemodule;
				SWIFT_OPTIMIZATION_LEVEL = "-O";
				VALIDATE_PRODUCT = YES;
			};
			name = Release;
		};
		650D56D723D79CB6002DE882 /* Debug */ = {
			isa = XCBuildConfiguration;
			buildSettings = {
				ASSETCATALOG_COMPILER_APPICON_NAME = AppIcon;
				CODE_SIGN_STYLE = Automatic;
				DEVELOPMENT_TEAM = 78Q4S5C992;
				INFOPLIST_FILE = "$(SRCROOT)/DeckOfOneCard/Resources/Info.plist";
				LD_RUNPATH_SEARCH_PATHS = (
					"$(inherited)",
					"@executable_path/Frameworks",
				);
				PRODUCT_BUNDLE_IDENTIFIER = com.DevinS.DeckOfOneCard;
				PRODUCT_NAME = "$(TARGET_NAME)";
				SWIFT_VERSION = 5.0;
				TARGETED_DEVICE_FAMILY = "1,2";
			};
			name = Debug;
		};
		650D56D823D79CB6002DE882 /* Release */ = {
			isa = XCBuildConfiguration;
			buildSettings = {
				ASSETCATALOG_COMPILER_APPICON_NAME = AppIcon;
				CODE_SIGN_STYLE = Automatic;
				DEVELOPMENT_TEAM = 78Q4S5C992;
				INFOPLIST_FILE = "$(SRCROOT)/DeckOfOneCard/Resources/Info.plist";
				LD_RUNPATH_SEARCH_PATHS = (
					"$(inherited)",
					"@executable_path/Frameworks",
				);
				PRODUCT_BUNDLE_IDENTIFIER = com.DevinS.DeckOfOneCard;
				PRODUCT_NAME = "$(TARGET_NAME)";
				SWIFT_VERSION = 5.0;
				TARGETED_DEVICE_FAMILY = "1,2";
			};
			name = Release;
		};
/* End XCBuildConfiguration section */

/* Begin XCConfigurationList section */
		650D56BD23D79CB4002DE882 /* Build configuration list for PBXProject "DeckOfOneCard" */ = {
			isa = XCConfigurationList;
			buildConfigurations = (
				650D56D423D79CB6002DE882 /* Debug */,
				650D56D523D79CB6002DE882 /* Release */,
			);
			defaultConfigurationIsVisible = 0;
			defaultConfigurationName = Release;
		};
		650D56D623D79CB6002DE882 /* Build configuration list for PBXNativeTarget "DeckOfOneCard" */ = {
			isa = XCConfigurationList;
			buildConfigurations = (
				650D56D723D79CB6002DE882 /* Debug */,
				650D56D823D79CB6002DE882 /* Release */,
			);
			defaultConfigurationIsVisible = 0;
			defaultConfigurationName = Release;
		};
/* End XCConfigurationList section */
	};
	rootObject = 650D56BA23D79CB4002DE882 /* Project object */;
}
